
Microsoft Visual Studio Solution File, Format Version 12.00
# Visual Studio 15
VisualStudioVersion = 15.0.26730.3
MinimumVisualStudioVersion = 10.0.40219.1
Project("{FAE04EC0-301F-11D3-BF4B-00C04F79EFBC}") = "MyWpfProducerConsumerPattern", "MyWpfProducerConsumerPattern\MyWpfProducerConsumerPattern.csproj", "{834F3FC5-E890-4016-A2D5-52E919CCCBB5}"
EndProject
Global
	GlobalSection(SolutionConfigurationPlatforms) = preSolution
		Debug|Any CPU = Debug|Any CPU
		Release|Any CPU = Release|Any CPU
	EndGlobalSection
	GlobalSection(ProjectConfigurationPlatforms) = postSolution
		{834F3FC5-E890-4016-A2D5-52E919CCCBB5}.Debug|Any CPU.ActiveCfg = Debug|Any CPU
		{834F3FC5-E890-4016-A2D5-52E919CCCBB5}.Debug|Any CPU.Build.0 = Debug|Any CPU
		{834F3FC5-E890-4016-A2D5-52E919CCCBB5}.Release|Any CPU.ActiveCfg = Release|Any CPU
		{834F3FC5-E890-4016-A2D5-52E919CCCBB5}.Release|Any CPU.Build.0 = Release|Any CPU
	EndGlobalSection
	GlobalSection(SolutionProperties) = preSolution
		HideSolutionNode = FALSE
	EndGlobalSection
	GlobalSection(ExtensibilityGlobals) = postSolution
		SolutionGuid = {AB79E0D7-284E-4789-AD68-5F32C32CBA85}
	EndGlobalSection
EndGlobal
